
Microsoft Visual Studio Solution File, Format Version 12.00
# Visual Studio Version 17
VisualStudioVersion = 17.11.35327.3
MinimumVisualStudioVersion = 10.0.40219.1
Project("{FAE04EC0-301F-11D3-BF4B-00C04F79EFBC}") = "HareketTablo", "HareketTablo\HareketTablo.csproj", "{58144F7A-4664-4D03-A0E6-EECA9A3DD72E}"
EndProject
Global
	GlobalSection(SolutionConfigurationPlatforms) = preSolution
		Debug|Any CPU = Debug|Any CPU
		Release|Any CPU = Release|Any CPU
	EndGlobalSection
	GlobalSection(ProjectConfigurationPlatforms) = postSolution
		{58144F7A-4664-4D03-A0E6-EECA9A3DD72E}.Debug|Any CPU.ActiveCfg = Debug|Any CPU
		{58144F7A-4664-4D03-A0E6-EECA9A3DD72E}.Debug|Any CPU.Build.0 = Debug|Any CPU
		{58144F7A-4664-4D03-A0E6-EECA9A3DD72E}.Release|Any CPU.ActiveCfg = Release|Any CPU
		{58144F7A-4664-4D03-A0E6-EECA9A3DD72E}.Release|Any CPU.Build.0 = Release|Any CPU
	EndGlobalSection
	GlobalSection(SolutionProperties) = preSolution
		HideSolutionNode = FALSE
	EndGlobalSection
	GlobalSection(ExtensibilityGlobals) = postSolution
		SolutionGuid = {DF5090EB-70E5-4CF0-B370-54E520889BC1}
	EndGlobalSection
EndGlobal
